
Microsoft Visual Studio Solution File, Format Version 12.00
# Visual Studio Version 17
VisualStudioVersion = 17.9.34622.214
MinimumVisualStudioVersion = 10.0.40219.1
Project("{FAE04EC0-301F-11D3-BF4B-00C04F79EFBC}") = "FunFox", "FunFox\FunFox.csproj", "{F46645F7-6D0B-4759-A988-56BB30BD3B6E}"
EndProject
Project("{FAE04EC0-301F-11D3-BF4B-00C04F79EFBC}") = "FunFox.Business", "FunFox.Business\FunFox.Business.csproj", "{D8A9AD7A-092F-4563-B238-E7D56CCA0CD4}"
EndProject
Project("{FAE04EC0-301F-11D3-BF4B-00C04F79EFBC}") = "FunFox.Data", "FunFox.Data\FunFox.Data.csproj", "{F24F700E-37C6-4ECD-8DCB-5C3ABB839507}"
EndProject
Global
	GlobalSection(SolutionConfigurationPlatforms) = preSolution
		Debug|Any CPU = Debug|Any CPU
		Release|Any CPU = Release|Any CPU
	EndGlobalSection
	GlobalSection(ProjectConfigurationPlatforms) = postSolution
		{F46645F7-6D0B-4759-A988-56BB30BD3B6E}.Debug|Any CPU.ActiveCfg = Debug|Any CPU
		{F46645F7-6D0B-4759-A988-56BB30BD3B6E}.Debug|Any CPU.Build.0 = Debug|Any CPU
		{F46645F7-6D0B-4759-A988-56BB30BD3B6E}.Release|Any CPU.ActiveCfg = Release|Any CPU
		{F46645F7-6D0B-4759-A988-56BB30BD3B6E}.Release|Any CPU.Build.0 = Release|Any CPU
		{D8A9AD7A-092F-4563-B238-E7D56CCA0CD4}.Debug|Any CPU.ActiveCfg = Debug|Any CPU
		{D8A9AD7A-092F-4563-B238-E7D56CCA0CD4}.Debug|Any CPU.Build.0 = Debug|Any CPU
		{D8A9AD7A-092F-4563-B238-E7D56CCA0CD4}.Release|Any CPU.ActiveCfg = Release|Any CPU
		{D8A9AD7A-092F-4563-B238-E7D56CCA0CD4}.Release|Any CPU.Build.0 = Release|Any CPU
		{F24F700E-37C6-4ECD-8DCB-5C3ABB839507}.Debug|Any CPU.ActiveCfg = Debug|Any CPU
		{F24F700E-37C6-4ECD-8DCB-5C3ABB839507}.Debug|Any CPU.Build.0 = Debug|Any CPU
		{F24F700E-37C6-4ECD-8DCB-5C3ABB839507}.Release|Any CPU.ActiveCfg = Release|Any CPU
		{F24F700E-37C6-4ECD-8DCB-5C3ABB839507}.Release|Any CPU.Build.0 = Release|Any CPU
	EndGlobalSection
	GlobalSection(SolutionProperties) = preSolution
		HideSolutionNode = FALSE
	EndGlobalSection
	GlobalSection(ExtensibilityGlobals) = postSolution
		SolutionGuid = {4DC5A684-2331-4BE8-A712-5901398441EC}
	EndGlobalSection
EndGlobal
